
Microsoft Visual Studio Solution File, Format Version 12.00
# Visual Studio 14
VisualStudioVersion = 14.0.23107.0
MinimumVisualStudioVersion = 10.0.40219.1
Project("{FAE04EC0-301F-11D3-BF4B-00C04F79EFBC}") = "TCI.Domain", "TCI.Domain\TCI.Domain.csproj", "{77EC1366-2803-4396-BAB1-A2CACDCCC058}"
EndProject
Project("{FAE04EC0-301F-11D3-BF4B-00C04F79EFBC}") = "TCI.DataAccess", "DataAccess\TCI.DataAccess.csproj", "{4204DEBC-B59E-4EFB-B286-0D418F06ED51}"
EndProject
Project("{FAE04EC0-301F-11D3-BF4B-00C04F79EFBC}") = "TCI.Model", "TCI.Model\TCI.Model.csproj", "{35C0D914-BAFC-4383-B1C7-B79BB5DF1C2A}"
EndProject
Project("{FAE04EC0-301F-11D3-BF4B-00C04F79EFBC}") = "TCI.DomainService", "DomainService\TCI.DomainService.csproj", "{47A5B057-279C-43BE-B43B-356F141B59A8}"
EndProject
Project("{FAE04EC0-301F-11D3-BF4B-00C04F79EFBC}") = "TCI.Operation", "Operation\TCI.Operation.csproj", "{FBBF082B-E2D5-4D5D-A170-9E18EFF8B56A}"
EndProject
Project("{FAE04EC0-301F-11D3-BF4B-00C04F79EFBC}") = "TCI.Mapper", "Mapper\TCI.Mapper.csproj", "{9CA7D934-BDE2-4E19-B366-1FB585F5A33D}"
EndProject
Project("{FAE04EC0-301F-11D3-BF4B-00C04F79EFBC}") = "TCI.Core", "TCI.Core\TCI.Core.csproj", "{F7822211-4806-4240-B05C-792C1832E776}"
EndProject
Project("{FAE04EC0-301F-11D3-BF4B-00C04F79EFBC}") = "TCI", "TCI\TCI.csproj", "{7E8BFD70-6EA1-4707-A6C2-DE855B88FE38}"
EndProject
Project("{FAE04EC0-301F-11D3-BF4B-00C04F79EFBC}") = "TCI.Tests", "TCI.Tests\TCI.Tests.csproj", "{19AFFD43-6951-4045-BA33-5E5DEA177907}"
EndProject
Project("{FAE04EC0-301F-11D3-BF4B-00C04F79EFBC}") = "TCI.GlobalResource", "TCI.GlobalResource\TCI.GlobalResource.csproj", "{9A3033E6-C6F8-4DBF-8A0A-DFEFF69880D3}"
EndProject
Global
	GlobalSection(SolutionConfigurationPlatforms) = preSolution
		Debug|Any CPU = Debug|Any CPU
		Release|Any CPU = Release|Any CPU
	EndGlobalSection
	GlobalSection(ProjectConfigurationPlatforms) = postSolution
		{77EC1366-2803-4396-BAB1-A2CACDCCC058}.Debug|Any CPU.ActiveCfg = Debug|Any CPU
		{77EC1366-2803-4396-BAB1-A2CACDCCC058}.Debug|Any CPU.Build.0 = Debug|Any CPU
		{77EC1366-2803-4396-BAB1-A2CACDCCC058}.Release|Any CPU.ActiveCfg = Release|Any CPU
		{77EC1366-2803-4396-BAB1-A2CACDCCC058}.Release|Any CPU.Build.0 = Release|Any CPU
		{4204DEBC-B59E-4EFB-B286-0D418F06ED51}.Debug|Any CPU.ActiveCfg = Debug|Any CPU
		{4204DEBC-B59E-4EFB-B286-0D418F06ED51}.Debug|Any CPU.Build.0 = Debug|Any CPU
		{4204DEBC-B59E-4EFB-B286-0D418F06ED51}.Release|Any CPU.ActiveCfg = Release|Any CPU
		{4204DEBC-B59E-4EFB-B286-0D418F06ED51}.Release|Any CPU.Build.0 = Release|Any CPU
		{35C0D914-BAFC-4383-B1C7-B79BB5DF1C2A}.Debug|Any CPU.ActiveCfg = Debug|Any CPU
		{35C0D914-BAFC-4383-B1C7-B79BB5DF1C2A}.Debug|Any CPU.Build.0 = Debug|Any CPU
		{35C0D914-BAFC-4383-B1C7-B79BB5DF1C2A}.Release|Any CPU.ActiveCfg = Release|Any CPU
		{35C0D914-BAFC-4383-B1C7-B79BB5DF1C2A}.Release|Any CPU.Build.0 = Release|Any CPU
		{47A5B057-279C-43BE-B43B-356F141B59A8}.Debug|Any CPU.ActiveCfg = Debug|Any CPU
		{47A5B057-279C-43BE-B43B-356F141B59A8}.Debug|Any CPU.Build.0 = Debug|Any CPU
		{47A5B057-279C-43BE-B43B-356F141B59A8}.Release|Any CPU.ActiveCfg = Release|Any CPU
		{47A5B057-279C-43BE-B43B-356F141B59A8}.Release|Any CPU.Build.0 = Release|Any CPU
		{FBBF082B-E2D5-4D5D-A170-9E18EFF8B56A}.Debug|Any CPU.ActiveCfg = Debug|Any CPU
		{FBBF082B-E2D5-4D5D-A170-9E18EFF8B56A}.Debug|Any CPU.Build.0 = Debug|Any CPU
		{FBBF082B-E2D5-4D5D-A170-9E18EFF8B56A}.Release|Any CPU.ActiveCfg = Release|Any CPU
		{FBBF082B-E2D5-4D5D-A170-9E18EFF8B56A}.Release|Any CPU.Build.0 = Release|Any CPU
		{9CA7D934-BDE2-4E19-B366-1FB585F5A33D}.Debug|Any CPU.ActiveCfg = Debug|Any CPU
		{9CA7D934-BDE2-4E19-B366-1FB585F5A33D}.Debug|Any CPU.Build.0 = Debug|Any CPU
		{9CA7D934-BDE2-4E19-B366-1FB585F5A33D}.Release|Any CPU.ActiveCfg = Release|Any CPU
		{9CA7D934-BDE2-4E19-B366-1FB585F5A33D}.Release|Any CPU.Build.0 = Release|Any CPU
		{F7822211-4806-4240-B05C-792C1832E776}.Debug|Any CPU.ActiveCfg = Debug|Any CPU
		{F7822211-4806-4240-B05C-792C1832E776}.Debug|Any CPU.Build.0 = Debug|Any CPU
		{F7822211-4806-4240-B05C-792C1832E776}.Release|Any CPU.ActiveCfg = Release|Any CPU
		{F7822211-4806-4240-B05C-792C1832E776}.Release|Any CPU.Build.0 = Release|Any CPU
		{7E8BFD70-6EA1-4707-A6C2-DE855B88FE38}.Debug|Any CPU.ActiveCfg = Debug|Any CPU
		{7E8BFD70-6EA1-4707-A6C2-DE855B88FE38}.Debug|Any CPU.Build.0 = Debug|Any CPU
		{7E8BFD70-6EA1-4707-A6C2-DE855B88FE38}.Release|Any CPU.ActiveCfg = Release|Any CPU
		{7E8BFD70-6EA1-4707-A6C2-DE855B88FE38}.Release|Any CPU.Build.0 = Release|Any CPU
		{19AFFD43-6951-4045-BA33-5E5DEA177907}.Debug|Any CPU.ActiveCfg = Debug|Any CPU
		{19AFFD43-6951-4045-BA33-5E5DEA177907}.Debug|Any CPU.Build.0 = Debug|Any CPU
		{19AFFD43-6951-4045-BA33-5E5DEA177907}.Release|Any CPU.ActiveCfg = Release|Any CPU
		{19AFFD43-6951-4045-BA33-5E5DEA177907}.Release|Any CPU.Build.0 = Release|Any CPU
		{9A3033E6-C6F8-4DBF-8A0A-DFEFF69880D3}.Debug|Any CPU.ActiveCfg = Debug|Any CPU
		{9A3033E6-C6F8-4DBF-8A0A-DFEFF69880D3}.Debug|Any CPU.Build.0 = Debug|Any CPU
		{9A3033E6-C6F8-4DBF-8A0A-DFEFF69880D3}.Release|Any CPU.ActiveCfg = Release|Any CPU
		{9A3033E6-C6F8-4DBF-8A0A-DFEFF69880D3}.Release|Any CPU.Build.0 = Release|Any CPU
	EndGlobalSection
	GlobalSection(SolutionProperties) = preSolution
		HideSolutionNode = FALSE
	EndGlobalSection
EndGlobal
